
Microsoft Visual Studio Solution File, Format Version 12.00
# Visual Studio 15
VisualStudioVersion = 15.0.27130.2010
MinimumVisualStudioVersion = 10.0.40219.1
Project("{2150E333-8FDC-42A3-9474-1A3956D46DE8}") = "Domain", "Domain", "{B54AA239-B446-49E5-8237-25902628DA94}"
EndProject
Project("{2150E333-8FDC-42A3-9474-1A3956D46DE8}") = "Application", "Application", "{C44FFA48-9DAF-4A90-910D-1F9C6DB8C332}"
EndProject
Project("{2150E333-8FDC-42A3-9474-1A3956D46DE8}") = "WebAPI", "WebAPI", "{8815DB3B-0692-4590-8214-BD9F3311805F}"
EndProject
Project("{9A19103F-16F7-4668-BE54-9A1E7A4F7556}") = "LTM.WebAPI", "LTM.WebAPI\LTM.WebAPI.csproj", "{DD7F6C7A-24F6-4116-9484-EBF4449B6B34}"
EndProject
Project("{9A19103F-16F7-4668-BE54-9A1E7A4F7556}") = "LTM.Application", "LTM.Application\LTM.Application.csproj", "{FE7A3194-04E5-4407-9585-B21730DDA21C}"
EndProject
Project("{9A19103F-16F7-4668-BE54-9A1E7A4F7556}") = "LTM.Domain", "LTM.Domain\LTM.Domain.csproj", "{7B078B94-4144-476C-BCA2-B1635C0DDE35}"
EndProject
Project("{9A19103F-16F7-4668-BE54-9A1E7A4F7556}") = "LTM.StartupConfig", "LTM.StartupConfig\LTM.StartupConfig.csproj", "{ED7000ED-CD20-4688-A369-3F4DAA55AAAB}"
EndProject
Project("{2150E333-8FDC-42A3-9474-1A3956D46DE8}") = "Infra", "Infra", "{4CF5516B-5068-4B9A-B332-7E4E2BFD6C54}"
EndProject
Project("{9A19103F-16F7-4668-BE54-9A1E7A4F7556}") = "LTM.Infra", "LTM.Infra\LTM.Infra.csproj", "{9F7EBD9E-50EF-4F17-98B5-BDD22ED35E6D}"
EndProject
Project("{9A19103F-16F7-4668-BE54-9A1E7A4F7556}") = "LTM.Infra.Data", "LTM.Infra.Data\LTM.Infra.Data.csproj", "{8AB8253C-5DB1-4170-BEE8-3884EB6FD278}"
EndProject
Project("{9A19103F-16F7-4668-BE54-9A1E7A4F7556}") = "LTM.Infra.CrossCutting.IoC", "LTM.Infra.CrossCutting.IoC\LTM.Infra.CrossCutting.IoC.csproj", "{BE65E02E-7034-4365-9702-22C8869B01E3}"
EndProject
Global
	GlobalSection(SolutionConfigurationPlatforms) = preSolution
		Debug|Any CPU = Debug|Any CPU
		Release|Any CPU = Release|Any CPU
	EndGlobalSection
	GlobalSection(ProjectConfigurationPlatforms) = postSolution
		{DD7F6C7A-24F6-4116-9484-EBF4449B6B34}.Debug|Any CPU.ActiveCfg = Debug|Any CPU
		{DD7F6C7A-24F6-4116-9484-EBF4449B6B34}.Debug|Any CPU.Build.0 = Debug|Any CPU
		{DD7F6C7A-24F6-4116-9484-EBF4449B6B34}.Release|Any CPU.ActiveCfg = Release|Any CPU
		{DD7F6C7A-24F6-4116-9484-EBF4449B6B34}.Release|Any CPU.Build.0 = Release|Any CPU
		{FE7A3194-04E5-4407-9585-B21730DDA21C}.Debug|Any CPU.ActiveCfg = Debug|Any CPU
		{FE7A3194-04E5-4407-9585-B21730DDA21C}.Debug|Any CPU.Build.0 = Debug|Any CPU
		{FE7A3194-04E5-4407-9585-B21730DDA21C}.Release|Any CPU.ActiveCfg = Release|Any CPU
		{FE7A3194-04E5-4407-9585-B21730DDA21C}.Release|Any CPU.Build.0 = Release|Any CPU
		{7B078B94-4144-476C-BCA2-B1635C0DDE35}.Debug|Any CPU.ActiveCfg = Debug|Any CPU
		{7B078B94-4144-476C-BCA2-B1635C0DDE35}.Debug|Any CPU.Build.0 = Debug|Any CPU
		{7B078B94-4144-476C-BCA2-B1635C0DDE35}.Release|Any CPU.ActiveCfg = Release|Any CPU
		{7B078B94-4144-476C-BCA2-B1635C0DDE35}.Release|Any CPU.Build.0 = Release|Any CPU
		{ED7000ED-CD20-4688-A369-3F4DAA55AAAB}.Debug|Any CPU.ActiveCfg = Debug|Any CPU
		{ED7000ED-CD20-4688-A369-3F4DAA55AAAB}.Debug|Any CPU.Build.0 = Debug|Any CPU
		{ED7000ED-CD20-4688-A369-3F4DAA55AAAB}.Release|Any CPU.ActiveCfg = Release|Any CPU
		{ED7000ED-CD20-4688-A369-3F4DAA55AAAB}.Release|Any CPU.Build.0 = Release|Any CPU
		{9F7EBD9E-50EF-4F17-98B5-BDD22ED35E6D}.Debug|Any CPU.ActiveCfg = Debug|Any CPU
		{9F7EBD9E-50EF-4F17-98B5-BDD22ED35E6D}.Debug|Any CPU.Build.0 = Debug|Any CPU
		{9F7EBD9E-50EF-4F17-98B5-BDD22ED35E6D}.Release|Any CPU.ActiveCfg = Release|Any CPU
		{9F7EBD9E-50EF-4F17-98B5-BDD22ED35E6D}.Release|Any CPU.Build.0 = Release|Any CPU
		{8AB8253C-5DB1-4170-BEE8-3884EB6FD278}.Debug|Any CPU.ActiveCfg = Debug|Any CPU
		{8AB8253C-5DB1-4170-BEE8-3884EB6FD278}.Debug|Any CPU.Build.0 = Debug|Any CPU
		{8AB8253C-5DB1-4170-BEE8-3884EB6FD278}.Release|Any CPU.ActiveCfg = Release|Any CPU
		{8AB8253C-5DB1-4170-BEE8-3884EB6FD278}.Release|Any CPU.Build.0 = Release|Any CPU
		{BE65E02E-7034-4365-9702-22C8869B01E3}.Debug|Any CPU.ActiveCfg = Debug|Any CPU
		{BE65E02E-7034-4365-9702-22C8869B01E3}.Debug|Any CPU.Build.0 = Debug|Any CPU
		{BE65E02E-7034-4365-9702-22C8869B01E3}.Release|Any CPU.ActiveCfg = Release|Any CPU
		{BE65E02E-7034-4365-9702-22C8869B01E3}.Release|Any CPU.Build.0 = Release|Any CPU
	EndGlobalSection
	GlobalSection(SolutionProperties) = preSolution
		HideSolutionNode = FALSE
	EndGlobalSection
	GlobalSection(NestedProjects) = preSolution
		{DD7F6C7A-24F6-4116-9484-EBF4449B6B34} = {8815DB3B-0692-4590-8214-BD9F3311805F}
		{FE7A3194-04E5-4407-9585-B21730DDA21C} = {C44FFA48-9DAF-4A90-910D-1F9C6DB8C332}
		{7B078B94-4144-476C-BCA2-B1635C0DDE35} = {B54AA239-B446-49E5-8237-25902628DA94}
		{ED7000ED-CD20-4688-A369-3F4DAA55AAAB} = {8815DB3B-0692-4590-8214-BD9F3311805F}
		{9F7EBD9E-50EF-4F17-98B5-BDD22ED35E6D} = {4CF5516B-5068-4B9A-B332-7E4E2BFD6C54}
		{8AB8253C-5DB1-4170-BEE8-3884EB6FD278} = {4CF5516B-5068-4B9A-B332-7E4E2BFD6C54}
		{BE65E02E-7034-4365-9702-22C8869B01E3} = {4CF5516B-5068-4B9A-B332-7E4E2BFD6C54}
	EndGlobalSection
	GlobalSection(ExtensibilityGlobals) = postSolution
		SolutionGuid = {F3395F49-9DEE-4E38-98B6-E408363D396A}
	EndGlobalSection
EndGlobal
